// !$*UTF8*$!
{
	archiveVersion = 1;
	classes = {
	};
	objectVersion = 50;
	objects = {

/* Begin PBXBuildFile section */
		D0D264D82474851A002130CA /* AppDelegate.swift in Sources */ = {isa = PBXBuildFile; fileRef = D0D264D72474851A002130CA /* AppDelegate.swift */; };
		D0D264DA2474851A002130CA /* SceneDelegate.swift in Sources */ = {isa = PBXBuildFile; fileRef = D0D264D92474851A002130CA /* SceneDelegate.swift */; };
		D0D264E12474851E002130CA /* Assets.xcassets in Resources */ = {isa = PBXBuildFile; fileRef = D0D264E02474851E002130CA /* Assets.xcassets */; };
		D0D264E42474851E002130CA /* LaunchScreen.storyboard in Resources */ = {isa = PBXBuildFile; fileRef = D0D264E22474851E002130CA /* LaunchScreen.storyboard */; };
		D0D264F5247486C9002130CA /* UIViewExtension.swift in Sources */ = {isa = PBXBuildFile; fileRef = D0D264F4247486C9002130CA /* UIViewExtension.swift */; };
		D0D264F724748795002130CA /* UIColor.swift in Sources */ = {isa = PBXBuildFile; fileRef = D0D264F624748795002130CA /* UIColor.swift */; };
		D0D264F9247487F2002130CA /* Colors.xcassets in Resources */ = {isa = PBXBuildFile; fileRef = D0D264F8247487F2002130CA /* Colors.xcassets */; };
		D0D264FB247489D7002130CA /* TipCalculatorViewController.swift in Sources */ = {isa = PBXBuildFile; fileRef = D0D264FA247489D7002130CA /* TipCalculatorViewController.swift */; };
/* End PBXBuildFile section */

/* Begin PBXFileReference section */
		D0D264D42474851A002130CA /* TipCalculator(Programmatic Constraints).app */ = {isa = PBXFileReference; explicitFileType = wrapper.application; includeInIndex = 0; path = "TipCalculator(Programmatic Constraints).app"; sourceTree = BUILT_PRODUCTS_DIR; };
		D0D264D72474851A002130CA /* AppDelegate.swift */ = {isa = PBXFileReference; lastKnownFileType = sourcecode.swift; path = AppDelegate.swift; sourceTree = "<group>"; };
		D0D264D92474851A002130CA /* SceneDelegate.swift */ = {isa = PBXFileReference; lastKnownFileType = sourcecode.swift; path = SceneDelegate.swift; sourceTree = "<group>"; };
		D0D264E02474851E002130CA /* Assets.xcassets */ = {isa = PBXFileReference; lastKnownFileType = folder.assetcatalog; path = Assets.xcassets; sourceTree = "<group>"; };
		D0D264E32474851E002130CA /* Base */ = {isa = PBXFileReference; lastKnownFileType = file.storyboard; name = Base; path = Base.lproj/LaunchScreen.storyboard; sourceTree = "<group>"; };
		D0D264E52474851E002130CA /* Info.plist */ = {isa = PBXFileReference; lastKnownFileType = text.plist.xml; path = Info.plist; sourceTree = "<group>"; };
		D0D264F4247486C9002130CA /* UIViewExtension.swift */ = {isa = PBXFileReference; lastKnownFileType = sourcecode.swift; path = UIViewExtension.swift; sourceTree = "<group>"; };
		D0D264F624748795002130CA /* UIColor.swift */ = {isa = PBXFileReference; lastKnownFileType = sourcecode.swift; path = UIColor.swift; sourceTree = "<group>"; };
		D0D264F8247487F2002130CA /* Colors.xcassets */ = {isa = PBXFileReference; lastKnownFileType = folder.assetcatalog; path = Colors.xcassets; sourceTree = "<group>"; };
		D0D264FA247489D7002130CA /* TipCalculatorViewController.swift */ = {isa = PBXFileReference; lastKnownFileType = sourcecode.swift; path = TipCalculatorViewController.swift; sourceTree = "<group>"; };
/* End PBXFileReference section */

/* Begin PBXFrameworksBuildPhase section */
		D0D264D12474851A002130CA /* Frameworks */ = {
			isa = PBXFrameworksBuildPhase;
			buildActionMask = 2147483647;
			files = (
			);
			runOnlyForDeploymentPostprocessing = 0;
		};
/* End PBXFrameworksBuildPhase section */

/* Begin PBXGroup section */
		D0D264CB2474851A002130CA = {
			isa = PBXGroup;
			children = (
				D0D264D62474851A002130CA /* TipCalculator(Programmatic Constraints) */,
				D0D264D52474851A002130CA /* Products */,
			);
			sourceTree = "<group>";
		};
		D0D264D52474851A002130CA /* Products */ = {
			isa = PBXGroup;
			children = (
				D0D264D42474851A002130CA /* TipCalculator(Programmatic Constraints).app */,
			);
			name = Products;
			sourceTree = "<group>";
		};
		D0D264D62474851A002130CA /* TipCalculator(Programmatic Constraints) */ = {
			isa = PBXGroup;
			children = (
				D0D264F12474864B002130CA /* Extensions */,
				D0D264EE24748595002130CA /* View Controller */,
				D0D264EB24748554002130CA /* Resources */,
			);
			path = "TipCalculator(Programmatic Constraints)";
			sourceTree = "<group>";
		};
		D0D264EB24748554002130CA /* Resources */ = {
			isa = PBXGroup;
			children = (
				D0D264D72474851A002130CA /* AppDelegate.swift */,
				D0D264D92474851A002130CA /* SceneDelegate.swift */,
				D0D264E02474851E002130CA /* Assets.xcassets */,
				D0D264F8247487F2002130CA /* Colors.xcassets */,
				D0D264E22474851E002130CA /* LaunchScreen.storyboard */,
				D0D264E52474851E002130CA /* Info.plist */,
			);
			path = Resources;
			sourceTree = "<group>";
		};
		D0D264EE24748595002130CA /* View Controller */ = {
			isa = PBXGroup;
			children = (
				D0D264FA247489D7002130CA /* TipCalculatorViewController.swift */,
			);
			path = "View Controller";
			sourceTree = "<group>";
		};
		D0D264F12474864B002130CA /* Extensions */ = {
			isa = PBXGroup;
			children = (
				D0D264F4247486C9002130CA /* UIViewExtension.swift */,
				D0D264F624748795002130CA /* UIColor.swift */,
			);
			path = Extensions;
			sourceTree = "<group>";
		};
/* End PBXGroup section */

/* Begin PBXNativeTarget section */
		D0D264D32474851A002130CA /* TipCalculator(Programmatic Constraints) */ = {
			isa = PBXNativeTarget;
			buildConfigurationList = D0D264E82474851E002130CA /* Build configuration list for PBXNativeTarget "TipCalculator(Programmatic Constraints)" */;
			buildPhases = (
				D0D264D02474851A002130CA /* Sources */,
				D0D264D12474851A002130CA /* Frameworks */,
				D0D264D22474851A002130CA /* Resources */,
			);
			buildRules = (
			);
			dependencies = (
			);
			name = "TipCalculator(Programmatic Constraints)";
			productName = "TipCalculator(Programmatic Constraints)";
			productReference = D0D264D42474851A002130CA /* TipCalculator(Programmatic Constraints).app */;
			productType = "com.apple.product-type.application";
		};
/* End PBXNativeTarget section */

/* Begin PBXProject section */
		D0D264CC2474851A002130CA /* Project object */ = {
			isa = PBXProject;
			attributes = {
				LastSwiftUpdateCheck = 1140;
				LastUpgradeCheck = 1140;
				ORGANIZATIONNAME = "Junior Suarez-Leyva";
				TargetAttributes = {
					D0D264D32474851A002130CA = {
						CreatedOnToolsVersion = 11.4.1;
					};
				};
			};
			buildConfigurationList = D0D264CF2474851A002130CA /* Build configuration list for PBXProject "TipCalculator(Programmatic Constraints)" */;
			compatibilityVersion = "Xcode 9.3";
			developmentRegion = en;
			hasScannedForEncodings = 0;
			knownRegions = (
				en,
				Base,
			);
			mainGroup = D0D264CB2474851A002130CA;
			productRefGroup = D0D264D52474851A002130CA /* Products */;
			projectDirPath = "";
			projectRoot = "";
			targets = (
				D0D264D32474851A002130CA /* TipCalculator(Programmatic Constraints) */,
			);
		};
/* End PBXProject section */

/* Begin PBXResourcesBuildPhase section */
		D0D264D22474851A002130CA /* Resources */ = {
			isa = PBXResourcesBuildPhase;
			buildActionMask = 2147483647;
			files = (
				D0D264F9247487F2002130CA /* Colors.xcassets in Resources */,
				D0D264E42474851E002130CA /* LaunchScreen.storyboard in Resources */,
				D0D264E12474851E002130CA /* Assets.xcassets in Resources */,
			);
			runOnlyForDeploymentPostprocessing = 0;
		};
/* End PBXResourcesBuildPhase section */

/* Begin PBXSourcesBuildPhase section */
		D0D264D02474851A002130CA /* Sources */ = {
			isa = PBXSourcesBuildPhase;
			buildActionMask = 2147483647;
			files = (
				D0D264FB247489D7002130CA /* TipCalculatorViewController.swift in Sources */,
				D0D264F5247486C9002130CA /* UIViewExtension.swift in Sources */,
				D0D264F724748795002130CA /* UIColor.swift in Sources */,
				D0D264D82474851A002130CA /* AppDelegate.swift in Sources */,
				D0D264DA2474851A002130CA /* SceneDelegate.swift in Sources */,
			);
			runOnlyForDeploymentPostprocessing = 0;
		};
/* End PBXSourcesBuildPhase section */

/* Begin PBXVariantGroup section */
		D0D264E22474851E002130CA /* LaunchScreen.storyboard */ = {
			isa = PBXVariantGroup;
			children = (
				D0D264E32474851E002130CA /* Base */,
			);
			name = LaunchScreen.storyboard;
			sourceTree = "<group>";
		};
/* End PBXVariantGroup section */

/* Begin XCBuildConfiguration section */
		D0D264E62474851E002130CA /* Debug */ = {
			isa = XCBuildConfiguration;
			buildSettings = {
				ALWAYS_SEARCH_USER_PATHS = NO;
				CLANG_ANALYZER_NONNULL = YES;
				CLANG_ANALYZER_NUMBER_OBJECT_CONVERSION = YES_AGGRESSIVE;
				CLANG_CXX_LANGUAGE_STANDARD = "gnu++14";
				CLANG_CXX_LIBRARY = "libc++";
				CLANG_ENABLE_MODULES = YES;
				CLANG_ENABLE_OBJC_ARC = YES;
				CLANG_ENABLE_OBJC_WEAK = YES;
				CLANG_WARN_BLOCK_CAPTURE_AUTORELEASING = YES;
				CLANG_WARN_BOOL_CONVERSION = YES;
				CLANG_WARN_COMMA = YES;
				CLANG_WARN_CONSTANT_CONVERSION = YES;
				CLANG_WARN_DEPRECATED_OBJC_IMPLEMENTATIONS = YES;
				CLANG_WARN_DIRECT_OBJC_ISA_USAGE = YES_ERROR;
				CLANG_WARN_DOCUMENTATION_COMMENTS = YES;
				CLANG_WARN_EMPTY_BODY = YES;
				CLANG_WARN_ENUM_CONVERSION = YES;
				CLANG_WARN_INFINITE_RECURSION = YES;
				CLANG_WARN_INT_CONVERSION = YES;
				CLANG_WARN_NON_LITERAL_NULL_CONVERSION = YES;
				CLANG_WARN_OBJC_IMPLICIT_RETAIN_SELF = YES;
				CLANG_WARN_OBJC_LITERAL_CONVERSION = YES;
				CLANG_WARN_OBJC_ROOT_CLASS = YES_ERROR;
				CLANG_WARN_RANGE_LOOP_ANALYSIS = YES;
				CLANG_WARN_STRICT_PROTOTYPES = YES;
				CLANG_WARN_SUSPICIOUS_MOVE = YES;
				CLANG_WARN_UNGUARDED_AVAILABILITY = YES_AGGRESSIVE;
				CLANG_WARN_UNREACHABLE_CODE = YES;
				CLANG_WARN__DUPLICATE_METHOD_MATCH = YES;
				COPY_PHASE_STRIP = NO;
				DEBUG_INFORMATION_FORMAT = dwarf;
				ENABLE_STRICT_OBJC_MSGSEND = YES;
				ENABLE_TESTABILITY = YES;
				GCC_C_LANGUAGE_STANDARD = gnu11;
				GCC_DYNAMIC_NO_PIC = NO;
				GCC_NO_COMMON_BLOCKS = YES;
				GCC_OPTIMIZATION_LEVEL = 0;
				GCC_PREPROCESSOR_DEFINITIONS = (
					"DEBUG=1",
					"$(inherited)",
				);
				GCC_WARN_64_TO_32_BIT_CONVERSION = YES;
				GCC_WARN_ABOUT_RETURN_TYPE = YES_ERROR;
				GCC_WARN_UNDECLARED_SELECTOR = YES;
				GCC_WARN_UNINITIALIZED_AUTOS = YES_AGGRESSIVE;
				GCC_WARN_UNUSED_FUNCTION = YES;
				GCC_WARN_UNUSED_VARIABLE = YES;
				IPHONEOS_DEPLOYMENT_TARGET = 13.4;
				MTL_ENABLE_DEBUG_INFO = INCLUDE_SOURCE;
				MTL_FAST_MATH = YES;
				ONLY_ACTIVE_ARCH = YES;
				SDKROOT = iphoneos;
				SWIFT_ACTIVE_COMPILATION_CONDITIONS = DEBUG;
				SWIFT_OPTIMIZATION_LEVEL = "-Onone";
			};
			name = Debug;
		};
		D0D264E72474851E002130CA /* Release */ = {
			isa = XCBuildConfiguration;
			buildSettings = {
				ALWAYS_SEARCH_USER_PATHS = NO;
				CLANG_ANALYZER_NONNULL = YES;
				CLANG_ANALYZER_NUMBER_OBJECT_CONVERSION = YES_AGGRESSIVE;
				CLANG_CXX_LANGUAGE_STANDARD = "gnu++14";
				CLANG_CXX_LIBRARY = "libc++";
				CLANG_ENABLE_MODULES = YES;
				CLANG_ENABLE_OBJC_ARC = YES;
				CLANG_ENABLE_OBJC_WEAK = YES;
				CLANG_WARN_BLOCK_CAPTURE_AUTORELEASING = YES;
				CLANG_WARN_BOOL_CONVERSION = YES;
				CLANG_WARN_COMMA = YES;
				CLANG_WARN_CONSTANT_CONVERSION = YES;
				CLANG_WARN_DEPRECATED_OBJC_IMPLEMENTATIONS = YES;
				CLANG_WARN_DIRECT_OBJC_ISA_USAGE = YES_ERROR;
				CLANG_WARN_DOCUMENTATION_COMMENTS = YES;
				CLANG_WARN_EMPTY_BODY = YES;
				CLANG_WARN_ENUM_CONVERSION = YES;
				CLANG_WARN_INFINITE_RECURSION = YES;
				CLANG_WARN_INT_CONVERSION = YES;
				CLANG_WARN_NON_LITERAL_NULL_CONVERSION = YES;
				CLANG_WARN_OBJC_IMPLICIT_RETAIN_SELF = YES;
				CLANG_WARN_OBJC_LITERAL_CONVERSION = YES;
				CLANG_WARN_OBJC_ROOT_CLASS = YES_ERROR;
				CLANG_WARN_RANGE_LOOP_ANALYSIS = YES;
				CLANG_WARN_STRICT_PROTOTYPES = YES;
				CLANG_WARN_SUSPICIOUS_MOVE = YES;
				CLANG_WARN_UNGUARDED_AVAILABILITY = YES_AGGRESSIVE;
				CLANG_WARN_UNREACHABLE_CODE = YES;
				CLANG_WARN__DUPLICATE_METHOD_MATCH = YES;
				COPY_PHASE_STRIP = NO;
				DEBUG_INFORMATION_FORMAT = "dwarf-with-dsym";
				ENABLE_NS_ASSERTIONS = NO;
				ENABLE_STRICT_OBJC_MSGSEND = YES;
				GCC_C_LANGUAGE_STANDARD = gnu11;
				GCC_NO_COMMON_BLOCKS = YES;
				GCC_WARN_64_TO_32_BIT_CONVERSION = YES;
				GCC_WARN_ABOUT_RETURN_TYPE = YES_ERROR;
				GCC_WARN_UNDECLARED_SELECTOR = YES;
				GCC_WARN_UNINITIALIZED_AUTOS = YES_AGGRESSIVE;
				GCC_WARN_UNUSED_FUNCTION = YES;
				GCC_WARN_UNUSED_VARIABLE = YES;
				IPHONEOS_DEPLOYMENT_TARGET = 13.4;
				MTL_ENABLE_DEBUG_INFO = NO;
				MTL_FAST_MATH = YES;
				SDKROOT = iphoneos;
				SWIFT_COMPILATION_MODE = wholemodule;
				SWIFT_OPTIMIZATION_LEVEL = "-O";
				VALIDATE_PRODUCT = YES;
			};
			name = Release;
		};
		D0D264E92474851E002130CA /* Debug */ = {
			isa = XCBuildConfiguration;
			buildSettings = {
				ASSETCATALOG_COMPILER_APPICON_NAME = AppIcon;
				CODE_SIGN_STYLE = Automatic;
				DEVELOPMENT_TEAM = FXHHZQB8GN;
				INFOPLIST_FILE = "TipCalculator(Programmatic Constraints)/Resources/Info.plist";
				LD_RUNPATH_SEARCH_PATHS = (
					"$(inherited)",
					"@executable_path/Frameworks",
				);
				PRODUCT_BUNDLE_IDENTIFIER = "com.juniorsuarezleyva.TipCalculator-Programmatic-Constraints-";
				PRODUCT_NAME = "$(TARGET_NAME)";
				SWIFT_VERSION = 5.0;
				TARGETED_DEVICE_FAMILY = "1,2";
			};
			name = Debug;
		};
		D0D264EA2474851E002130CA /* Release */ = {
			isa = XCBuildConfiguration;
			buildSettings = {
				ASSETCATALOG_COMPILER_APPICON_NAME = AppIcon;
				CODE_SIGN_STYLE = Automatic;
				DEVELOPMENT_TEAM = FXHHZQB8GN;
				INFOPLIST_FILE = "TipCalculator(Programmatic Constraints)/Resources/Info.plist";
				LD_RUNPATH_SEARCH_PATHS = (
					"$(inherited)",
					"@executable_path/Frameworks",
				);
				PRODUCT_BUNDLE_IDENTIFIER = "com.juniorsuarezleyva.TipCalculator-Programmatic-Constraints-";
				PRODUCT_NAME = "$(TARGET_NAME)";
				SWIFT_VERSION = 5.0;
				TARGETED_DEVICE_FAMILY = "1,2";
			};
			name = Release;
		};
/* End XCBuildConfiguration section */

/* Begin XCConfigurationList section */
		D0D264CF2474851A002130CA /* Build configuration list for PBXProject "TipCalculator(Programmatic Constraints)" */ = {
			isa = XCConfigurationList;
			buildConfigurations = (
				D0D264E62474851E002130CA /* Debug */,
				D0D264E72474851E002130CA /* Release */,
			);
			defaultConfigurationIsVisible = 0;
			defaultConfigurationName = Release;
		};
		D0D264E82474851E002130CA /* Build configuration list for PBXNativeTarget "TipCalculator(Programmatic Constraints)" */ = {
			isa = XCConfigurationList;
			buildConfigurations = (
				D0D264E92474851E002130CA /* Debug */,
				D0D264EA2474851E002130CA /* Release */,
			);
			defaultConfigurationIsVisible = 0;
			defaultConfigurationName = Release;
		};
/* End XCConfigurationList section */
	};
	rootObject = D0D264CC2474851A002130CA /* Project object */;
}
